
Microsoft Visual Studio Solution File, Format Version 12.00
# Visual Studio Version 17
VisualStudioVersion = 17.1.32414.318
MinimumVisualStudioVersion = 10.0.40219.1
Project("{9A19103F-16F7-4668-BE54-9A1E7A4F7556}") = "NUnitProject", "NUnitProject\NUnitProject.csproj", "{126C1A06-B799-47E7-B0D9-5603E4F1FA87}"
EndProject
Project("{9A19103F-16F7-4668-BE54-9A1E7A4F7556}") = "Execise1and2", "Execise1and2\Execise1and2.csproj", "{96C39F7E-C3FB-4C1E-A3A8-D11A0D7D271F}"
EndProject
Project("{9A19103F-16F7-4668-BE54-9A1E7A4F7556}") = "Exercise1and2Test", "Exercise1and2Test\Exercise1and2Test.csproj", "{DF0D1C56-E549-4918-823B-A76F329872EC}"
EndProject
Project("{9A19103F-16F7-4668-BE54-9A1E7A4F7556}") = "Exercise3", "Exercise3\Exercise3.csproj", "{8FB56B3D-E424-48B7-9E42-A6EB4A568C6B}"
EndProject
Project("{9A19103F-16F7-4668-BE54-9A1E7A4F7556}") = "Exercise3Test", "Exercise3Test\Exercise3Test.csproj", "{89F94D69-6513-44A2-AE41-18B6E742CA0F}"
EndProject
Project("{9A19103F-16F7-4668-BE54-9A1E7A4F7556}") = "Exercise4", "Exercise4\Exercise4.csproj", "{AB573C70-2097-4583-A0B3-F27E9831E7B2}"
EndProject
Project("{9A19103F-16F7-4668-BE54-9A1E7A4F7556}") = "Exercise4Test", "Exercise4Test\Exercise4Test.csproj", "{9E29996A-B6B5-4B58-8A7C-F888BE920E81}"
EndProject
Project("{9A19103F-16F7-4668-BE54-9A1E7A4F7556}") = "Exercise5", "Exercise5\Exercise5.csproj", "{C848094D-5028-4045-A6CF-F53977FC795D}"
EndProject
Project("{9A19103F-16F7-4668-BE54-9A1E7A4F7556}") = "Exercise5Test", "Exercise5Test\Exercise5Test.csproj", "{493E60CB-DED8-4669-B624-CA6B2EFBFE2A}"
EndProject
Project("{FAE04EC0-301F-11D3-BF4B-00C04F79EFBC}") = "TDD_Project", "TDD_Project\TDD_Project.csproj", "{4F8B8250-79FE-4E75-AC6F-BA132E1CCD00}"
EndProject
Project("{FAE04EC0-301F-11D3-BF4B-00C04F79EFBC}") = "TDD_ProjectTest", "TDD_ProjectTest\TDD_ProjectTest.csproj", "{40E90942-76AB-462D-AB95-3DD309222C0C}"
EndProject
Global
	GlobalSection(SolutionConfigurationPlatforms) = preSolution
		Debug|Any CPU = Debug|Any CPU
		Release|Any CPU = Release|Any CPU
	EndGlobalSection
	GlobalSection(ProjectConfigurationPlatforms) = postSolution
		{126C1A06-B799-47E7-B0D9-5603E4F1FA87}.Debug|Any CPU.ActiveCfg = Debug|Any CPU
		{126C1A06-B799-47E7-B0D9-5603E4F1FA87}.Debug|Any CPU.Build.0 = Debug|Any CPU
		{126C1A06-B799-47E7-B0D9-5603E4F1FA87}.Release|Any CPU.ActiveCfg = Release|Any CPU
		{126C1A06-B799-47E7-B0D9-5603E4F1FA87}.Release|Any CPU.Build.0 = Release|Any CPU
		{96C39F7E-C3FB-4C1E-A3A8-D11A0D7D271F}.Debug|Any CPU.ActiveCfg = Debug|Any CPU
		{96C39F7E-C3FB-4C1E-A3A8-D11A0D7D271F}.Debug|Any CPU.Build.0 = Debug|Any CPU
		{96C39F7E-C3FB-4C1E-A3A8-D11A0D7D271F}.Release|Any CPU.ActiveCfg = Release|Any CPU
		{96C39F7E-C3FB-4C1E-A3A8-D11A0D7D271F}.Release|Any CPU.Build.0 = Release|Any CPU
		{DF0D1C56-E549-4918-823B-A76F329872EC}.Debug|Any CPU.ActiveCfg = Debug|Any CPU
		{DF0D1C56-E549-4918-823B-A76F329872EC}.Debug|Any CPU.Build.0 = Debug|Any CPU
		{DF0D1C56-E549-4918-823B-A76F329872EC}.Release|Any CPU.ActiveCfg = Release|Any CPU
		{DF0D1C56-E549-4918-823B-A76F329872EC}.Release|Any CPU.Build.0 = Release|Any CPU
		{8FB56B3D-E424-48B7-9E42-A6EB4A568C6B}.Debug|Any CPU.ActiveCfg = Debug|Any CPU
		{8FB56B3D-E424-48B7-9E42-A6EB4A568C6B}.Debug|Any CPU.Build.0 = Debug|Any CPU
		{8FB56B3D-E424-48B7-9E42-A6EB4A568C6B}.Release|Any CPU.ActiveCfg = Release|Any CPU
		{8FB56B3D-E424-48B7-9E42-A6EB4A568C6B}.Release|Any CPU.Build.0 = Release|Any CPU
		{89F94D69-6513-44A2-AE41-18B6E742CA0F}.Debug|Any CPU.ActiveCfg = Debug|Any CPU
		{89F94D69-6513-44A2-AE41-18B6E742CA0F}.Debug|Any CPU.Build.0 = Debug|Any CPU
		{89F94D69-6513-44A2-AE41-18B6E742CA0F}.Release|Any CPU.ActiveCfg = Release|Any CPU
		{89F94D69-6513-44A2-AE41-18B6E742CA0F}.Release|Any CPU.Build.0 = Release|Any CPU
		{AB573C70-2097-4583-A0B3-F27E9831E7B2}.Debug|Any CPU.ActiveCfg = Debug|Any CPU
		{AB573C70-2097-4583-A0B3-F27E9831E7B2}.Debug|Any CPU.Build.0 = Debug|Any CPU
		{AB573C70-2097-4583-A0B3-F27E9831E7B2}.Release|Any CPU.ActiveCfg = Release|Any CPU
		{AB573C70-2097-4583-A0B3-F27E9831E7B2}.Release|Any CPU.Build.0 = Release|Any CPU
		{9E29996A-B6B5-4B58-8A7C-F888BE920E81}.Debug|Any CPU.ActiveCfg = Debug|Any CPU
		{9E29996A-B6B5-4B58-8A7C-F888BE920E81}.Debug|Any CPU.Build.0 = Debug|Any CPU
		{9E29996A-B6B5-4B58-8A7C-F888BE920E81}.Release|Any CPU.ActiveCfg = Release|Any CPU
		{9E29996A-B6B5-4B58-8A7C-F888BE920E81}.Release|Any CPU.Build.0 = Release|Any CPU
		{C848094D-5028-4045-A6CF-F53977FC795D}.Debug|Any CPU.ActiveCfg = Debug|Any CPU
		{C848094D-5028-4045-A6CF-F53977FC795D}.Debug|Any CPU.Build.0 = Debug|Any CPU
		{C848094D-5028-4045-A6CF-F53977FC795D}.Release|Any CPU.ActiveCfg = Release|Any CPU
		{C848094D-5028-4045-A6CF-F53977FC795D}.Release|Any CPU.Build.0 = Release|Any CPU
		{493E60CB-DED8-4669-B624-CA6B2EFBFE2A}.Debug|Any CPU.ActiveCfg = Debug|Any CPU
		{493E60CB-DED8-4669-B624-CA6B2EFBFE2A}.Debug|Any CPU.Build.0 = Debug|Any CPU
		{493E60CB-DED8-4669-B624-CA6B2EFBFE2A}.Release|Any CPU.ActiveCfg = Release|Any CPU
		{493E60CB-DED8-4669-B624-CA6B2EFBFE2A}.Release|Any CPU.Build.0 = Release|Any CPU
		{4F8B8250-79FE-4E75-AC6F-BA132E1CCD00}.Debug|Any CPU.ActiveCfg = Debug|Any CPU
		{4F8B8250-79FE-4E75-AC6F-BA132E1CCD00}.Debug|Any CPU.Build.0 = Debug|Any CPU
		{4F8B8250-79FE-4E75-AC6F-BA132E1CCD00}.Release|Any CPU.ActiveCfg = Release|Any CPU
		{4F8B8250-79FE-4E75-AC6F-BA132E1CCD00}.Release|Any CPU.Build.0 = Release|Any CPU
		{40E90942-76AB-462D-AB95-3DD309222C0C}.Debug|Any CPU.ActiveCfg = Debug|Any CPU
		{40E90942-76AB-462D-AB95-3DD309222C0C}.Debug|Any CPU.Build.0 = Debug|Any CPU
		{40E90942-76AB-462D-AB95-3DD309222C0C}.Release|Any CPU.ActiveCfg = Release|Any CPU
		{40E90942-76AB-462D-AB95-3DD309222C0C}.Release|Any CPU.Build.0 = Release|Any CPU
	EndGlobalSection
	GlobalSection(SolutionProperties) = preSolution
		HideSolutionNode = FALSE
	EndGlobalSection
	GlobalSection(ExtensibilityGlobals) = postSolution
		SolutionGuid = {C9C9B49D-65EC-43A0-A9CD-193BA53E0E38}
	EndGlobalSection
EndGlobal
